// !$*UTF8*$!
{
	archiveVersion = 1;
	classes = {
	};
	objectVersion = 56;
	objects = {

/* Begin PBXBuildFile section */
		B80278082BBE196000343E17 /* SceneAPI.cpp in Sources */ = {isa = PBXBuildFile; fileRef = B80277F12BBE196000343E17 /* SceneAPI.cpp */; };
		B80278092BBE196000343E17 /* ImageDB.cpp in Sources */ = {isa = PBXBuildFile; fileRef = B80277F72BBE196000343E17 /* ImageDB.cpp */; };
		B802780A2BBE196000343E17 /* TextDB.cpp in Sources */ = {isa = PBXBuildFile; fileRef = B80277FB2BBE196000343E17 /* TextDB.cpp */; };
		B802780B2BBE196000343E17 /* AudioDB.cpp in Sources */ = {isa = PBXBuildFile; fileRef = B80277FE2BBE196000343E17 /* AudioDB.cpp */; };
		B802780C2BBE196000343E17 /* Renderer.cpp in Sources */ = {isa = PBXBuildFile; fileRef = B80278062BBE196000343E17 /* Renderer.cpp */; };
		B8027DE62BBE1DD700343E17 /* lauxlib.c in Sources */ = {isa = PBXBuildFile; fileRef = B8027DAA2BBE1DD700343E17 /* lauxlib.c */; };
		B8027DE72BBE1DD700343E17 /* liolib.c in Sources */ = {isa = PBXBuildFile; fileRef = B8027DB02BBE1DD700343E17 /* liolib.c */; };
		B8027DE82BBE1DD700343E17 /* lopcodes.c in Sources */ = {isa = PBXBuildFile; fileRef = B8027DB12BBE1DD700343E17 /* lopcodes.c */; };
		B8027DE92BBE1DD700343E17 /* lstate.c in Sources */ = {isa = PBXBuildFile; fileRef = B8027DB22BBE1DD700343E17 /* lstate.c */; };
		B8027DEA2BBE1DD700343E17 /* lobject.c in Sources */ = {isa = PBXBuildFile; fileRef = B8027DB42BBE1DD700343E17 /* lobject.c */; };
		B8027DEB2BBE1DD700343E17 /* lmathlib.c in Sources */ = {isa = PBXBuildFile; fileRef = B8027DB62BBE1DD700343E17 /* lmathlib.c */; };
		B8027DEC2BBE1DD700343E17 /* loadlib.c in Sources */ = {isa = PBXBuildFile; fileRef = B8027DB82BBE1DD700343E17 /* loadlib.c */; };
		B8027DED2BBE1DD700343E17 /* lvm.c in Sources */ = {isa = PBXBuildFile; fileRef = B8027DB92BBE1DD700343E17 /* lvm.c */; };
		B8027DEE2BBE1DD700343E17 /* lfunc.c in Sources */ = {isa = PBXBuildFile; fileRef = B8027DBA2BBE1DD700343E17 /* lfunc.c */; };
		B8027DEF2BBE1DD700343E17 /* lstrlib.c in Sources */ = {isa = PBXBuildFile; fileRef = B8027DBB2BBE1DD700343E17 /* lstrlib.c */; };
		B8027DF02BBE1DD700343E17 /* linit.c in Sources */ = {isa = PBXBuildFile; fileRef = B8027DBD2BBE1DD700343E17 /* linit.c */; };
		B8027DF12BBE1DD700343E17 /* lstring.c in Sources */ = {isa = PBXBuildFile; fileRef = B8027DC02BBE1DD700343E17 /* lstring.c */; };
		B8027DF22BBE1DD700343E17 /* lundump.c in Sources */ = {isa = PBXBuildFile; fileRef = B8027DC22BBE1DD700343E17 /* lundump.c */; };
		B8027DF32BBE1DD700343E17 /* lctype.c in Sources */ = {isa = PBXBuildFile; fileRef = B8027DC32BBE1DD700343E17 /* lctype.c */; };
		B8027DF42BBE1DD700343E17 /* ltable.c in Sources */ = {isa = PBXBuildFile; fileRef = B8027DC72BBE1DD700343E17 /* ltable.c */; };
		B8027DF52BBE1DD700343E17 /* ldump.c in Sources */ = {isa = PBXBuildFile; fileRef = B8027DC92BBE1DD700343E17 /* ldump.c */; };
		B8027DF62BBE1DD700343E17 /* loslib.c in Sources */ = {isa = PBXBuildFile; fileRef = B8027DCD2BBE1DD700343E17 /* loslib.c */; };
		B8027DF72BBE1DD700343E17 /* lgc.c in Sources */ = {isa = PBXBuildFile; fileRef = B8027DCE2BBE1DD700343E17 /* lgc.c */; };
		B8027DF82BBE1DD700343E17 /* lzio.c in Sources */ = {isa = PBXBuildFile; fileRef = B8027DCF2BBE1DD700343E17 /* lzio.c */; };
		B8027DF92BBE1DD700343E17 /* ldblib.c in Sources */ = {isa = PBXBuildFile; fileRef = B8027DD02BBE1DD700343E17 /* ldblib.c */; };
		B8027DFA2BBE1DD700343E17 /* lutf8lib.c in Sources */ = {isa = PBXBuildFile; fileRef = B8027DD12BBE1DD700343E17 /* lutf8lib.c */; };
		B8027DFB2BBE1DD700343E17 /* lmem.c in Sources */ = {isa = PBXBuildFile; fileRef = B8027DD22BBE1DD700343E17 /* lmem.c */; };
		B8027DFC2BBE1DD700343E17 /* lcorolib.c in Sources */ = {isa = PBXBuildFile; fileRef = B8027DD52BBE1DD700343E17 /* lcorolib.c */; };
		B8027DFD2BBE1DD700343E17 /* lcode.c in Sources */ = {isa = PBXBuildFile; fileRef = B8027DD72BBE1DD700343E17 /* lcode.c */; };
		B8027DFE2BBE1DD700343E17 /* ltablib.c in Sources */ = {isa = PBXBuildFile; fileRef = B8027DD82BBE1DD700343E17 /* ltablib.c */; };
		B8027DFF2BBE1DD700343E17 /* lapi.c in Sources */ = {isa = PBXBuildFile; fileRef = B8027DD92BBE1DD700343E17 /* lapi.c */; };
		B8027E002BBE1DD700343E17 /* lbaselib.c in Sources */ = {isa = PBXBuildFile; fileRef = B8027DDA2BBE1DD700343E17 /* lbaselib.c */; };
		B8027E012BBE1DD700343E17 /* ldebug.c in Sources */ = {isa = PBXBuildFile; fileRef = B8027DDC2BBE1DD700343E17 /* ldebug.c */; };
		B8027E022BBE1DD700343E17 /* lparser.c in Sources */ = {isa = PBXBuildFile; fileRef = B8027DDF2BBE1DD700343E17 /* lparser.c */; };
		B8027E032BBE1DD700343E17 /* llex.c in Sources */ = {isa = PBXBuildFile; fileRef = B8027DE02BBE1DD700343E17 /* llex.c */; };
		B8027E042BBE1DD700343E17 /* ltm.c in Sources */ = {isa = PBXBuildFile; fileRef = B8027DE22BBE1DD700343E17 /* ltm.c */; };
		B8027E052BBE1DD700343E17 /* ldo.c in Sources */ = {isa = PBXBuildFile; fileRef = B8027DE42BBE1DD700343E17 /* ldo.c */; };
		B842C7DC2BC0C24B003FA1A6 /* ColliderListen.cpp in Sources */ = {isa = PBXBuildFile; fileRef = B842C7DB2BC0C24B003FA1A6 /* ColliderListen.cpp */; };
		B842C7DE2BC0C25B003FA1A6 /* Raycasts.cpp in Sources */ = {isa = PBXBuildFile; fileRef = B842C7DD2BC0C25B003FA1A6 /* Raycasts.cpp */; };
		B842C8362BC0C336003FA1A6 /* b2_distance.cpp in Sources */ = {isa = PBXBuildFile; fileRef = B842C82A2BC0C336003FA1A6 /* b2_distance.cpp */; };
		B842C8372BC0C336003FA1A6 /* b2_chain_shape.cpp in Sources */ = {isa = PBXBuildFile; fileRef = B842C82B2BC0C336003FA1A6 /* b2_chain_shape.cpp */; };
		B842C8382BC0C336003FA1A6 /* b2_polygon_shape.cpp in Sources */ = {isa = PBXBuildFile; fileRef = B842C82C2BC0C336003FA1A6 /* b2_polygon_shape.cpp */; };
		B842C8392BC0C336003FA1A6 /* b2_collide_edge.cpp in Sources */ = {isa = PBXBuildFile; fileRef = B842C82D2BC0C336003FA1A6 /* b2_collide_edge.cpp */; };
		B842C83A2BC0C336003FA1A6 /* b2_collision.cpp in Sources */ = {isa = PBXBuildFile; fileRef = B842C82E2BC0C336003FA1A6 /* b2_collision.cpp */; };
		B842C83B2BC0C336003FA1A6 /* b2_time_of_impact.cpp in Sources */ = {isa = PBXBuildFile; fileRef = B842C82F2BC0C336003FA1A6 /* b2_time_of_impact.cpp */; };
		B842C83C2BC0C336003FA1A6 /* b2_collide_polygon.cpp in Sources */ = {isa = PBXBuildFile; fileRef = B842C8302BC0C336003FA1A6 /* b2_collide_polygon.cpp */; };
		B842C83D2BC0C336003FA1A6 /* b2_broad_phase.cpp in Sources */ = {isa = PBXBuildFile; fileRef = B842C8312BC0C336003FA1A6 /* b2_broad_phase.cpp */; };
		B842C83E2BC0C336003FA1A6 /* b2_circle_shape.cpp in Sources */ = {isa = PBXBuildFile; fileRef = B842C8322BC0C336003FA1A6 /* b2_circle_shape.cpp */; };
		B842C83F2BC0C336003FA1A6 /* b2_edge_shape.cpp in Sources */ = {isa = PBXBuildFile; fileRef = B842C8332BC0C336003FA1A6 /* b2_edge_shape.cpp */; };
		B842C8402BC0C336003FA1A6 /* b2_dynamic_tree.cpp in Sources */ = {isa = PBXBuildFile; fileRef = B842C8342BC0C336003FA1A6 /* b2_dynamic_tree.cpp */; };
		B842C8412BC0C336003FA1A6 /* b2_collide_circle.cpp in Sources */ = {isa = PBXBuildFile; fileRef = B842C8352BC0C336003FA1A6 /* b2_collide_circle.cpp */; };
		B842C8482BC0C34D003FA1A6 /* b2_draw.cpp in Sources */ = {isa = PBXBuildFile; fileRef = B842C8422BC0C34D003FA1A6 /* b2_draw.cpp */; };
		B842C8492BC0C34D003FA1A6 /* b2_stack_allocator.cpp in Sources */ = {isa = PBXBuildFile; fileRef = B842C8432BC0C34D003FA1A6 /* b2_stack_allocator.cpp */; };
		B842C84A2BC0C34D003FA1A6 /* b2_settings.cpp in Sources */ = {isa = PBXBuildFile; fileRef = B842C8442BC0C34D003FA1A6 /* b2_settings.cpp */; };
		B842C84B2BC0C34D003FA1A6 /* b2_math.cpp in Sources */ = {isa = PBXBuildFile; fileRef = B842C8452BC0C34D003FA1A6 /* b2_math.cpp */; };
		B842C84C2BC0C34D003FA1A6 /* b2_timer.cpp in Sources */ = {isa = PBXBuildFile; fileRef = B842C8462BC0C34D003FA1A6 /* b2_timer.cpp */; };
		B842C84D2BC0C34D003FA1A6 /* b2_block_allocator.cpp in Sources */ = {isa = PBXBuildFile; fileRef = B842C8472BC0C34D003FA1A6 /* b2_block_allocator.cpp */; };
		B842C8682BC0C375003FA1A6 /* b2_gear_joint.cpp in Sources */ = {isa = PBXBuildFile; fileRef = B842C84E2BC0C375003FA1A6 /* b2_gear_joint.cpp */; };
		B842C8692BC0C375003FA1A6 /* b2_edge_circle_contact.cpp in Sources */ = {isa = PBXBuildFile; fileRef = B842C84F2BC0C375003FA1A6 /* b2_edge_circle_contact.cpp */; };
		B842C86A2BC0C375003FA1A6 /* b2_contact.cpp in Sources */ = {isa = PBXBuildFile; fileRef = B842C8502BC0C375003FA1A6 /* b2_contact.cpp */; };
		B842C86B2BC0C375003FA1A6 /* b2_wheel_joint.cpp in Sources */ = {isa = PBXBuildFile; fileRef = B842C8512BC0C375003FA1A6 /* b2_wheel_joint.cpp */; };
		B842C86C2BC0C375003FA1A6 /* b2_chain_circle_contact.cpp in Sources */ = {isa = PBXBuildFile; fileRef = B842C8522BC0C375003FA1A6 /* b2_chain_circle_contact.cpp */; };
		B842C86D2BC0C375003FA1A6 /* b2_motor_joint.cpp in Sources */ = {isa = PBXBuildFile; fileRef = B842C8532BC0C375003FA1A6 /* b2_motor_joint.cpp */; };
		B842C86E2BC0C375003FA1A6 /* b2_edge_polygon_contact.cpp in Sources */ = {isa = PBXBuildFile; fileRef = B842C8542BC0C375003FA1A6 /* b2_edge_polygon_contact.cpp */; };
		B842C86F2BC0C375003FA1A6 /* b2_world.cpp in Sources */ = {isa = PBXBuildFile; fileRef = B842C8552BC0C375003FA1A6 /* b2_world.cpp */; };
		B842C8702BC0C375003FA1A6 /* b2_world_callbacks.cpp in Sources */ = {isa = PBXBuildFile; fileRef = B842C8562BC0C375003FA1A6 /* b2_world_callbacks.cpp */; };
		B842C8712BC0C375003FA1A6 /* b2_polygon_contact.cpp in Sources */ = {isa = PBXBuildFile; fileRef = B842C8572BC0C375003FA1A6 /* b2_polygon_contact.cpp */; };
		B842C8722BC0C375003FA1A6 /* b2_body.cpp in Sources */ = {isa = PBXBuildFile; fileRef = B842C8582BC0C375003FA1A6 /* b2_body.cpp */; };
		B842C8732BC0C375003FA1A6 /* b2_prismatic_joint.cpp in Sources */ = {isa = PBXBuildFile; fileRef = B842C8592BC0C375003FA1A6 /* b2_prismatic_joint.cpp */; };
		B842C8742BC0C375003FA1A6 /* b2_polygon_circle_contact.cpp in Sources */ = {isa = PBXBuildFile; fileRef = B842C85A2BC0C375003FA1A6 /* b2_polygon_circle_contact.cpp */; };
		B842C8752BC0C375003FA1A6 /* b2_distance_joint.cpp in Sources */ = {isa = PBXBuildFile; fileRef = B842C85B2BC0C375003FA1A6 /* b2_distance_joint.cpp */; };
		B842C8762BC0C375003FA1A6 /* b2_circle_contact.cpp in Sources */ = {isa = PBXBuildFile; fileRef = B842C85C2BC0C375003FA1A6 /* b2_circle_contact.cpp */; };
		B842C8772BC0C375003FA1A6 /* b2_fixture.cpp in Sources */ = {isa = PBXBuildFile; fileRef = B842C85D2BC0C375003FA1A6 /* b2_fixture.cpp */; };
		B842C8782BC0C375003FA1A6 /* b2_joint.cpp in Sources */ = {isa = PBXBuildFile; fileRef = B842C85E2BC0C375003FA1A6 /* b2_joint.cpp */; };
		B842C8792BC0C375003FA1A6 /* b2_mouse_joint.cpp in Sources */ = {isa = PBXBuildFile; fileRef = B842C85F2BC0C375003FA1A6 /* b2_mouse_joint.cpp */; };
		B842C87A2BC0C376003FA1A6 /* b2_friction_joint.cpp in Sources */ = {isa = PBXBuildFile; fileRef = B842C8602BC0C375003FA1A6 /* b2_friction_joint.cpp */; };
		B842C87B2BC0C376003FA1A6 /* b2_chain_polygon_contact.cpp in Sources */ = {isa = PBXBuildFile; fileRef = B842C8612BC0C375003FA1A6 /* b2_chain_polygon_contact.cpp */; };
		B842C87C2BC0C376003FA1A6 /* b2_island.cpp in Sources */ = {isa = PBXBuildFile; fileRef = B842C8622BC0C375003FA1A6 /* b2_island.cpp */; };
		B842C87D2BC0C376003FA1A6 /* b2_contact_manager.cpp in Sources */ = {isa = PBXBuildFile; fileRef = B842C8632BC0C375003FA1A6 /* b2_contact_manager.cpp */; };
		B842C87E2BC0C376003FA1A6 /* b2_contact_solver.cpp in Sources */ = {isa = PBXBuildFile; fileRef = B842C8642BC0C375003FA1A6 /* b2_contact_solver.cpp */; };
		B842C87F2BC0C376003FA1A6 /* b2_pulley_joint.cpp in Sources */ = {isa = PBXBuildFile; fileRef = B842C8652BC0C375003FA1A6 /* b2_pulley_joint.cpp */; };
		B842C8802BC0C376003FA1A6 /* b2_revolute_joint.cpp in Sources */ = {isa = PBXBuildFile; fileRef = B842C8662BC0C375003FA1A6 /* b2_revolute_joint.cpp */; };
		B842C8812BC0C376003FA1A6 /* b2_weld_joint.cpp in Sources */ = {isa = PBXBuildFile; fileRef = B842C8672BC0C375003FA1A6 /* b2_weld_joint.cpp */; };
		B842C8832BC0C384003FA1A6 /* b2_rope.cpp in Sources */ = {isa = PBXBuildFile; fileRef = B842C8822BC0C384003FA1A6 /* b2_rope.cpp */; };
		B8BB28E92B61D551005B9F57 /* main.cpp in Sources */ = {isa = PBXBuildFile; fileRef = B8BB28E82B61D551005B9F57 /* main.cpp */; };
		B8D91A4C2B7AD6F3001396EC /* SDL2_ttf.framework in Frameworks */ = {isa = PBXBuildFile; fileRef = B8D91A462B7AD6F3001396EC /* SDL2_ttf.framework */; };
		B8D91A4E2B7AD6F3001396EC /* SDL2.framework in Frameworks */ = {isa = PBXBuildFile; fileRef = B8D91A472B7AD6F3001396EC /* SDL2.framework */; };
		B8D91A512B7AD704001396EC /* SDL2_mixer.framework in Frameworks */ = {isa = PBXBuildFile; fileRef = B8D91A442B7AD6F3001396EC /* SDL2_mixer.framework */; };
		B8D91A532B7AD705001396EC /* SDL2_image.framework in Frameworks */ = {isa = PBXBuildFile; fileRef = B8D91A452B7AD6F3001396EC /* SDL2_image.framework */; };
/* End PBXBuildFile section */

/* Begin PBXCopyFilesBuildPhase section */
		B8BB28E32B61D551005B9F57 /* CopyFiles */ = {
			isa = PBXCopyFilesBuildPhase;
			buildActionMask = 2147483647;
			dstPath = /usr/share/man/man1/;
			dstSubfolderSpec = 0;
			files = (
			);
			runOnlyForDeploymentPostprocessing = 1;
		};
/* End PBXCopyFilesBuildPhase section */

/* Begin PBXFileReference section */
		B80277EE2BBE196000343E17 /* SceneAPI.h */ = {isa = PBXFileReference; fileEncoding = 4; lastKnownFileType = sourcecode.c.h; path = SceneAPI.h; sourceTree = "<group>"; };
		B80277EF2BBE196000343E17 /* scancodes.h */ = {isa = PBXFileReference; fileEncoding = 4; lastKnownFileType = sourcecode.c.h; path = scancodes.h; sourceTree = "<group>"; };
		B80277F02BBE196000343E17 /* SceneUtils.h */ = {isa = PBXFileReference; fileEncoding = 4; lastKnownFileType = sourcecode.c.h; path = SceneUtils.h; sourceTree = "<group>"; };
		B80277F12BBE196000343E17 /* SceneAPI.cpp */ = {isa = PBXFileReference; fileEncoding = 4; lastKnownFileType = sourcecode.cpp.cpp; path = SceneAPI.cpp; sourceTree = "<group>"; };
		B80277F22BBE196000343E17 /* Engine.h */ = {isa = PBXFileReference; fileEncoding = 4; lastKnownFileType = sourcecode.c.h; path = Engine.h; sourceTree = "<group>"; };
		B80277F32BBE196000343E17 /* Input.h */ = {isa = PBXFileReference; fileEncoding = 4; lastKnownFileType = sourcecode.c.h; path = Input.h; sourceTree = "<group>"; };
		B80277F42BBE196000343E17 /* Text.h */ = {isa = PBXFileReference; fileEncoding = 4; lastKnownFileType = sourcecode.c.h; path = Text.h; sourceTree = "<group>"; };
		B80277F52BBE196000343E17 /* Application.h */ = {isa = PBXFileReference; fileEncoding = 4; lastKnownFileType = sourcecode.c.h; path = Application.h; sourceTree = "<group>"; };
		B80277F72BBE196000343E17 /* ImageDB.cpp */ = {isa = PBXFileReference; fileEncoding = 4; lastKnownFileType = sourcecode.cpp.cpp; path = ImageDB.cpp; sourceTree = "<group>"; };
		B80277F82BBE196000343E17 /* ComponentDB.h */ = {isa = PBXFileReference; fileEncoding = 4; lastKnownFileType = sourcecode.c.h; path = ComponentDB.h; sourceTree = "<group>"; };
		B80277F92BBE196000343E17 /* ActorDB.h */ = {isa = PBXFileReference; fileEncoding = 4; lastKnownFileType = sourcecode.c.h; path = ActorDB.h; sourceTree = "<group>"; };
		B80277FA2BBE196000343E17 /* AudioDB.h */ = {isa = PBXFileReference; fileEncoding = 4; lastKnownFileType = sourcecode.c.h; path = AudioDB.h; sourceTree = "<group>"; };
		B80277FB2BBE196000343E17 /* TextDB.cpp */ = {isa = PBXFileReference; fileEncoding = 4; lastKnownFileType = sourcecode.cpp.cpp; path = TextDB.cpp; sourceTree = "<group>"; };
		B80277FC2BBE196000343E17 /* ImageDB.h */ = {isa = PBXFileReference; fileEncoding = 4; lastKnownFileType = sourcecode.c.h; path = ImageDB.h; sourceTree = "<group>"; };
		B80277FD2BBE196000343E17 /* TextDB.h */ = {isa = PBXFileReference; fileEncoding = 4; lastKnownFileType = sourcecode.c.h; path = TextDB.h; sourceTree = "<group>"; };
		B80277FE2BBE196000343E17 /* AudioDB.cpp */ = {isa = PBXFileReference; fileEncoding = 4; lastKnownFileType = sourcecode.cpp.cpp; path = AudioDB.cpp; sourceTree = "<group>"; };
		B80277FF2BBE196000343E17 /* Renderer.h */ = {isa = PBXFileReference; fileEncoding = 4; lastKnownFileType = sourcecode.c.h; path = Renderer.h; sourceTree = "<group>"; };
		B80278002BBE196000343E17 /* Player.h */ = {isa = PBXFileReference; fileEncoding = 4; lastKnownFileType = sourcecode.c.h; path = Player.h; sourceTree = "<group>"; };
		B80278012BBE196000343E17 /* ImageDrawRequest.h */ = {isa = PBXFileReference; fileEncoding = 4; lastKnownFileType = sourcecode.c.h; path = ImageDrawRequest.h; sourceTree = "<group>"; };
		B80278022BBE196000343E17 /* Actor.h */ = {isa = PBXFileReference; fileEncoding = 4; lastKnownFileType = sourcecode.c.h; path = Actor.h; sourceTree = "<group>"; };
		B80278032BBE196000343E17 /* Component.h */ = {isa = PBXFileReference; fileEncoding = 4; lastKnownFileType = sourcecode.c.h; path = Component.h; sourceTree = "<group>"; };
		B80278042BBE196000343E17 /* ActorUtils.h */ = {isa = PBXFileReference; fileEncoding = 4; lastKnownFileType = sourcecode.c.h; path = ActorUtils.h; sourceTree = "<group>"; };
		B80278052BBE196000343E17 /* EngineUtils.h */ = {isa = PBXFileReference; fileEncoding = 4; lastKnownFileType = sourcecode.c.h; path = EngineUtils.h; sourceTree = "<group>"; };
		B80278062BBE196000343E17 /* Renderer.cpp */ = {isa = PBXFileReference; fileEncoding = 4; lastKnownFileType = sourcecode.cpp.cpp; path = Renderer.cpp; sourceTree = "<group>"; };
		B80278072BBE196000343E17 /* Scene.h */ = {isa = PBXFileReference; fileEncoding = 4; lastKnownFileType = sourcecode.c.h; path = Scene.h; sourceTree = "<group>"; };
		B8027DAA2BBE1DD700343E17 /* lauxlib.c */ = {isa = PBXFileReference; fileEncoding = 4; lastKnownFileType = sourcecode.c.c; path = lauxlib.c; sourceTree = "<group>"; };
		B8027DAB2BBE1DD700343E17 /* lmem.h */ = {isa = PBXFileReference; fileEncoding = 4; lastKnownFileType = sourcecode.c.h; path = lmem.h; sourceTree = "<group>"; };
		B8027DAC2BBE1DD700343E17 /* llimits.h */ = {isa = PBXFileReference; fileEncoding = 4; lastKnownFileType = sourcecode.c.h; path = llimits.h; sourceTree = "<group>"; };
		B8027DAD2BBE1DD700343E17 /* luaconf.h */ = {isa = PBXFileReference; fileEncoding = 4; lastKnownFileType = sourcecode.c.h; path = luaconf.h; sourceTree = "<group>"; };
		B8027DAE2BBE1DD700343E17 /* lzio.h */ = {isa = PBXFileReference; fileEncoding = 4; lastKnownFileType = sourcecode.c.h; path = lzio.h; sourceTree = "<group>"; };
		B8027DAF2BBE1DD700343E17 /* lgc.h */ = {isa = PBXFileReference; fileEncoding = 4; lastKnownFileType = sourcecode.c.h; path = lgc.h; sourceTree = "<group>"; };
		B8027DB02BBE1DD700343E17 /* liolib.c */ = {isa = PBXFileReference; fileEncoding = 4; lastKnownFileType = sourcecode.c.c; path = liolib.c; sourceTree = "<group>"; };
		B8027DB12BBE1DD700343E17 /* lopcodes.c */ = {isa = PBXFileReference; fileEncoding = 4; lastKnownFileType = sourcecode.c.c; path = lopcodes.c; sourceTree = "<group>"; };
		B8027DB22BBE1DD700343E17 /* lstate.c */ = {isa = PBXFileReference; fileEncoding = 4; lastKnownFileType = sourcecode.c.c; path = lstate.c; sourceTree = "<group>"; };
		B8027DB32BBE1DD700343E17 /* lua.hpp */ = {isa = PBXFileReference; fileEncoding = 4; lastKnownFileType = sourcecode.cpp.h; path = lua.hpp; sourceTree = "<group>"; };
		B8027DB42BBE1DD700343E17 /* lobject.c */ = {isa = PBXFileReference; fileEncoding = 4; lastKnownFileType = sourcecode.c.c; path = lobject.c; sourceTree = "<group>"; };
		B8027DB52BBE1DD700343E17 /* lualib.h */ = {isa = PBXFileReference; fileEncoding = 4; lastKnownFileType = sourcecode.c.h; path = lualib.h; sourceTree = "<group>"; };
		B8027DB62BBE1DD700343E17 /* lmathlib.c */ = {isa = PBXFileReference; fileEncoding = 4; lastKnownFileType = sourcecode.c.c; path = lmathlib.c; sourceTree = "<group>"; };
		B8027DB72BBE1DD700343E17 /* lopnames.h */ = {isa = PBXFileReference; fileEncoding = 4; lastKnownFileType = sourcecode.c.h; path = lopnames.h; sourceTree = "<group>"; };
		B8027DB82BBE1DD700343E17 /* loadlib.c */ = {isa = PBXFileReference; fileEncoding = 4; lastKnownFileType = sourcecode.c.c; path = loadlib.c; sourceTree = "<group>"; };
		B8027DB92BBE1DD700343E17 /* lvm.c */ = {isa = PBXFileReference; fileEncoding = 4; lastKnownFileType = sourcecode.c.c; path = lvm.c; sourceTree = "<group>"; };
		B8027DBA2BBE1DD700343E17 /* lfunc.c */ = {isa = PBXFileReference; fileEncoding = 4; lastKnownFileType = sourcecode.c.c; path = lfunc.c; sourceTree = "<group>"; };
		B8027DBB2BBE1DD700343E17 /* lstrlib.c */ = {isa = PBXFileReference; fileEncoding = 4; lastKnownFileType = sourcecode.c.c; path = lstrlib.c; sourceTree = "<group>"; };
		B8027DBC2BBE1DD700343E17 /* ldebug.h */ = {isa = PBXFileReference; fileEncoding = 4; lastKnownFileType = sourcecode.c.h; path = ldebug.h; sourceTree = "<group>"; };
		B8027DBD2BBE1DD700343E17 /* linit.c */ = {isa = PBXFileReference; fileEncoding = 4; lastKnownFileType = sourcecode.c.c; path = linit.c; sourceTree = "<group>"; };
		B8027DBE2BBE1DD700343E17 /* lcode.h */ = {isa = PBXFileReference; fileEncoding = 4; lastKnownFileType = sourcecode.c.h; path = lcode.h; sourceTree = "<group>"; };
		B8027DBF2BBE1DD700343E17 /* lapi.h */ = {isa = PBXFileReference; fileEncoding = 4; lastKnownFileType = sourcecode.c.h; path = lapi.h; sourceTree = "<group>"; };
		B8027DC02BBE1DD700343E17 /* lstring.c */ = {isa = PBXFileReference; fileEncoding = 4; lastKnownFileType = sourcecode.c.c; path = lstring.c; sourceTree = "<group>"; };
		B8027DC12BBE1DD700343E17 /* ldo.h */ = {isa = PBXFileReference; fileEncoding = 4; lastKnownFileType = sourcecode.c.h; path = ldo.h; sourceTree = "<group>"; };
		B8027DC22BBE1DD700343E17 /* lundump.c */ = {isa = PBXFileReference; fileEncoding = 4; lastKnownFileType = sourcecode.c.c; path = lundump.c; sourceTree = "<group>"; };
		B8027DC32BBE1DD700343E17 /* lctype.c */ = {isa = PBXFileReference; fileEncoding = 4; lastKnownFileType = sourcecode.c.c; path = lctype.c; sourceTree = "<group>"; };
		B8027DC42BBE1DD700343E17 /* ljumptab.h */ = {isa = PBXFileReference; fileEncoding = 4; lastKnownFileType = sourcecode.c.h; path = ljumptab.h; sourceTree = "<group>"; };
		B8027DC52BBE1DD700343E17 /* llex.h */ = {isa = PBXFileReference; fileEncoding = 4; lastKnownFileType = sourcecode.c.h; path = llex.h; sourceTree = "<group>"; };
		B8027DC62BBE1DD700343E17 /* ltm.h */ = {isa = PBXFileReference; fileEncoding = 4; lastKnownFileType = sourcecode.c.h; path = ltm.h; sourceTree = "<group>"; };
		B8027DC72BBE1DD700343E17 /* ltable.c */ = {isa = PBXFileReference; fileEncoding = 4; lastKnownFileType = sourcecode.c.c; path = ltable.c; sourceTree = "<group>"; };
		B8027DC82BBE1DD700343E17 /* lparser.h */ = {isa = PBXFileReference; fileEncoding = 4; lastKnownFileType = sourcecode.c.h; path = lparser.h; sourceTree = "<group>"; };
		B8027DC92BBE1DD700343E17 /* ldump.c */ = {isa = PBXFileReference; fileEncoding = 4; lastKnownFileType = sourcecode.c.c; path = ldump.c; sourceTree = "<group>"; };
		B8027DCA2BBE1DD700343E17 /* lobject.h */ = {isa = PBXFileReference; fileEncoding = 4; lastKnownFileType = sourcecode.c.h; path = lobject.h; sourceTree = "<group>"; };
		B8027DCB2BBE1DD700343E17 /* lstate.h */ = {isa = PBXFileReference; fileEncoding = 4; lastKnownFileType = sourcecode.c.h; path = lstate.h; sourceTree = "<group>"; };
		B8027DCC2BBE1DD700343E17 /* lopcodes.h */ = {isa = PBXFileReference; fileEncoding = 4; lastKnownFileType = sourcecode.c.h; path = lopcodes.h; sourceTree = "<group>"; };
		B8027DCD2BBE1DD700343E17 /* loslib.c */ = {isa = PBXFileReference; fileEncoding = 4; lastKnownFileType = sourcecode.c.c; path = loslib.c; sourceTree = "<group>"; };
		B8027DCE2BBE1DD700343E17 /* lgc.c */ = {isa = PBXFileReference; fileEncoding = 4; lastKnownFileType = sourcecode.c.c; path = lgc.c; sourceTree = "<group>"; };
		B8027DCF2BBE1DD700343E17 /* lzio.c */ = {isa = PBXFileReference; fileEncoding = 4; lastKnownFileType = sourcecode.c.c; path = lzio.c; sourceTree = "<group>"; };
		B8027DD02BBE1DD700343E17 /* ldblib.c */ = {isa = PBXFileReference; fileEncoding = 4; lastKnownFileType = sourcecode.c.c; path = ldblib.c; sourceTree = "<group>"; };
		B8027DD12BBE1DD700343E17 /* lutf8lib.c */ = {isa = PBXFileReference; fileEncoding = 4; lastKnownFileType = sourcecode.c.c; path = lutf8lib.c; sourceTree = "<group>"; };
		B8027DD22BBE1DD700343E17 /* lmem.c */ = {isa = PBXFileReference; fileEncoding = 4; lastKnownFileType = sourcecode.c.c; path = lmem.c; sourceTree = "<group>"; };
		B8027DD32BBE1DD700343E17 /* lauxlib.h */ = {isa = PBXFileReference; fileEncoding = 4; lastKnownFileType = sourcecode.c.h; path = lauxlib.h; sourceTree = "<group>"; };
		B8027DD42BBE1DD700343E17 /* lvm.h */ = {isa = PBXFileReference; fileEncoding = 4; lastKnownFileType = sourcecode.c.h; path = lvm.h; sourceTree = "<group>"; };
		B8027DD52BBE1DD700343E17 /* lcorolib.c */ = {isa = PBXFileReference; fileEncoding = 4; lastKnownFileType = sourcecode.c.c; path = lcorolib.c; sourceTree = "<group>"; };
		B8027DD62BBE1DD700343E17 /* lstring.h */ = {isa = PBXFileReference; fileEncoding = 4; lastKnownFileType = sourcecode.c.h; path = lstring.h; sourceTree = "<group>"; };
		B8027DD72BBE1DD700343E17 /* lcode.c */ = {isa = PBXFileReference; fileEncoding = 4; lastKnownFileType = sourcecode.c.c; path = lcode.c; sourceTree = "<group>"; };
		B8027DD82BBE1DD700343E17 /* ltablib.c */ = {isa = PBXFileReference; fileEncoding = 4; lastKnownFileType = sourcecode.c.c; path = ltablib.c; sourceTree = "<group>"; };
		B8027DD92BBE1DD700343E17 /* lapi.c */ = {isa = PBXFileReference; fileEncoding = 4; lastKnownFileType = sourcecode.c.c; path = lapi.c; sourceTree = "<group>"; };
		B8027DDA2BBE1DD700343E17 /* lbaselib.c */ = {isa = PBXFileReference; fileEncoding = 4; lastKnownFileType = sourcecode.c.c; path = lbaselib.c; sourceTree = "<group>"; };
		B8027DDB2BBE1DD700343E17 /* lua.h */ = {isa = PBXFileReference; fileEncoding = 4; lastKnownFileType = sourcecode.c.h; path = lua.h; sourceTree = "<group>"; };
		B8027DDC2BBE1DD700343E17 /* ldebug.c */ = {isa = PBXFileReference; fileEncoding = 4; lastKnownFileType = sourcecode.c.c; path = ldebug.c; sourceTree = "<group>"; };
		B8027DDD2BBE1DD700343E17 /* lfunc.h */ = {isa = PBXFileReference; fileEncoding = 4; lastKnownFileType = sourcecode.c.h; path = lfunc.h; sourceTree = "<group>"; };
		B8027DDE2BBE1DD700343E17 /* lprefix.h */ = {isa = PBXFileReference; fileEncoding = 4; lastKnownFileType = sourcecode.c.h; path = lprefix.h; sourceTree = "<group>"; };
		B8027DDF2BBE1DD700343E17 /* lparser.c */ = {isa = PBXFileReference; fileEncoding = 4; lastKnownFileType = sourcecode.c.c; path = lparser.c; sourceTree = "<group>"; };
		B8027DE02BBE1DD700343E17 /* llex.c */ = {isa = PBXFileReference; fileEncoding = 4; lastKnownFileType = sourcecode.c.c; path = llex.c; sourceTree = "<group>"; };
		B8027DE12BBE1DD700343E17 /* ltable.h */ = {isa = PBXFileReference; fileEncoding = 4; lastKnownFileType = sourcecode.c.h; path = ltable.h; sourceTree = "<group>"; };
		B8027DE22BBE1DD700343E17 /* ltm.c */ = {isa = PBXFileReference; fileEncoding = 4; lastKnownFileType = sourcecode.c.c; path = ltm.c; sourceTree = "<group>"; };
		B8027DE32BBE1DD700343E17 /* lctype.h */ = {isa = PBXFileReference; fileEncoding = 4; lastKnownFileType = sourcecode.c.h; path = lctype.h; sourceTree = "<group>"; };
		B8027DE42BBE1DD700343E17 /* ldo.c */ = {isa = PBXFileReference; fileEncoding = 4; lastKnownFileType = sourcecode.c.c; path = ldo.c; sourceTree = "<group>"; };
		B8027DE52BBE1DD700343E17 /* lundump.h */ = {isa = PBXFileReference; fileEncoding = 4; lastKnownFileType = sourcecode.c.h; path = lundump.h; sourceTree = "<group>"; };
		B842C7DB2BC0C24B003FA1A6 /* ColliderListen.cpp */ = {isa = PBXFileReference; lastKnownFileType = sourcecode.cpp.cpp; name = ColliderListen.cpp; path = game_engine/Classes/ColliderListen.cpp; sourceTree = "<group>"; };
		B842C7DD2BC0C25B003FA1A6 /* Raycasts.cpp */ = {isa = PBXFileReference; lastKnownFileType = sourcecode.cpp.cpp; name = Raycasts.cpp; path = game_engine/Classes/Raycasts.cpp; sourceTree = "<group>"; };
		B842C82A2BC0C336003FA1A6 /* b2_distance.cpp */ = {isa = PBXFileReference; lastKnownFileType = sourcecode.cpp.cpp; name = b2_distance.cpp; path = "game_engine/ThirdParty/box2d-2.4.1/src/collision/b2_distance.cpp"; sourceTree = "<group>"; };
		B842C82B2BC0C336003FA1A6 /* b2_chain_shape.cpp */ = {isa = PBXFileReference; lastKnownFileType = sourcecode.cpp.cpp; name = b2_chain_shape.cpp; path = "game_engine/ThirdParty/box2d-2.4.1/src/collision/b2_chain_shape.cpp"; sourceTree = "<group>"; };
		B842C82C2BC0C336003FA1A6 /* b2_polygon_shape.cpp */ = {isa = PBXFileReference; lastKnownFileType = sourcecode.cpp.cpp; name = b2_polygon_shape.cpp; path = "game_engine/ThirdParty/box2d-2.4.1/src/collision/b2_polygon_shape.cpp"; sourceTree = "<group>"; };
		B842C82D2BC0C336003FA1A6 /* b2_collide_edge.cpp */ = {isa = PBXFileReference; lastKnownFileType = sourcecode.cpp.cpp; name = b2_collide_edge.cpp; path = "game_engine/ThirdParty/box2d-2.4.1/src/collision/b2_collide_edge.cpp"; sourceTree = "<group>"; };
		B842C82E2BC0C336003FA1A6 /* b2_collision.cpp */ = {isa = PBXFileReference; lastKnownFileType = sourcecode.cpp.cpp; name = b2_collision.cpp; path = "game_engine/ThirdParty/box2d-2.4.1/src/collision/b2_collision.cpp"; sourceTree = "<group>"; };
		B842C82F2BC0C336003FA1A6 /* b2_time_of_impact.cpp */ = {isa = PBXFileReference; lastKnownFileType = sourcecode.cpp.cpp; name = b2_time_of_impact.cpp; path = "game_engine/ThirdParty/box2d-2.4.1/src/collision/b2_time_of_impact.cpp"; sourceTree = "<group>"; };
		B842C8302BC0C336003FA1A6 /* b2_collide_polygon.cpp */ = {isa = PBXFileReference; lastKnownFileType = sourcecode.cpp.cpp; name = b2_collide_polygon.cpp; path = "game_engine/ThirdParty/box2d-2.4.1/src/collision/b2_collide_polygon.cpp"; sourceTree = "<group>"; };
		B842C8312BC0C336003FA1A6 /* b2_broad_phase.cpp */ = {isa = PBXFileReference; lastKnownFileType = sourcecode.cpp.cpp; name = b2_broad_phase.cpp; path = "game_engine/ThirdParty/box2d-2.4.1/src/collision/b2_broad_phase.cpp"; sourceTree = "<group>"; };
		B842C8322BC0C336003FA1A6 /* b2_circle_shape.cpp */ = {isa = PBXFileReference; lastKnownFileType = sourcecode.cpp.cpp; name = b2_circle_shape.cpp; path = "game_engine/ThirdParty/box2d-2.4.1/src/collision/b2_circle_shape.cpp"; sourceTree = "<group>"; };
		B842C8332BC0C336003FA1A6 /* b2_edge_shape.cpp */ = {isa = PBXFileReference; lastKnownFileType = sourcecode.cpp.cpp; name = b2_edge_shape.cpp; path = "game_engine/ThirdParty/box2d-2.4.1/src/collision/b2_edge_shape.cpp"; sourceTree = "<group>"; };
		B842C8342BC0C336003FA1A6 /* b2_dynamic_tree.cpp */ = {isa = PBXFileReference; lastKnownFileType = sourcecode.cpp.cpp; name = b2_dynamic_tree.cpp; path = "game_engine/ThirdParty/box2d-2.4.1/src/collision/b2_dynamic_tree.cpp"; sourceTree = "<group>"; };
		B842C8352BC0C336003FA1A6 /* b2_collide_circle.cpp */ = {isa = PBXFileReference; lastKnownFileType = sourcecode.cpp.cpp; name = b2_collide_circle.cpp; path = "game_engine/ThirdParty/box2d-2.4.1/src/collision/b2_collide_circle.cpp"; sourceTree = "<group>"; };
		B842C8422BC0C34D003FA1A6 /* b2_draw.cpp */ = {isa = PBXFileReference; lastKnownFileType = sourcecode.cpp.cpp; name = b2_draw.cpp; path = "game_engine/ThirdParty/box2d-2.4.1/src/common/b2_draw.cpp"; sourceTree = "<group>"; };
		B842C8432BC0C34D003FA1A6 /* b2_stack_allocator.cpp */ = {isa = PBXFileReference; lastKnownFileType = sourcecode.cpp.cpp; name = b2_stack_allocator.cpp; path = "game_engine/ThirdParty/box2d-2.4.1/src/common/b2_stack_allocator.cpp"; sourceTree = "<group>"; };
		B842C8442BC0C34D003FA1A6 /* b2_settings.cpp */ = {isa = PBXFileReference; lastKnownFileType = sourcecode.cpp.cpp; name = b2_settings.cpp; path = "game_engine/ThirdParty/box2d-2.4.1/src/common/b2_settings.cpp"; sourceTree = "<group>"; };
		B842C8452BC0C34D003FA1A6 /* b2_math.cpp */ = {isa = PBXFileReference; lastKnownFileType = sourcecode.cpp.cpp; name = b2_math.cpp; path = "game_engine/ThirdParty/box2d-2.4.1/src/common/b2_math.cpp"; sourceTree = "<group>"; };
		B842C8462BC0C34D003FA1A6 /* b2_timer.cpp */ = {isa = PBXFileReference; lastKnownFileType = sourcecode.cpp.cpp; name = b2_timer.cpp; path = "game_engine/ThirdParty/box2d-2.4.1/src/common/b2_timer.cpp"; sourceTree = "<group>"; };
		B842C8472BC0C34D003FA1A6 /* b2_block_allocator.cpp */ = {isa = PBXFileReference; lastKnownFileType = sourcecode.cpp.cpp; name = b2_block_allocator.cpp; path = "game_engine/ThirdParty/box2d-2.4.1/src/common/b2_block_allocator.cpp"; sourceTree = "<group>"; };
		B842C84E2BC0C375003FA1A6 /* b2_gear_joint.cpp */ = {isa = PBXFileReference; lastKnownFileType = sourcecode.cpp.cpp; name = b2_gear_joint.cpp; path = "game_engine/ThirdParty/box2d-2.4.1/src/dynamics/b2_gear_joint.cpp"; sourceTree = "<group>"; };
		B842C84F2BC0C375003FA1A6 /* b2_edge_circle_contact.cpp */ = {isa = PBXFileReference; lastKnownFileType = sourcecode.cpp.cpp; name = b2_edge_circle_contact.cpp; path = "game_engine/ThirdParty/box2d-2.4.1/src/dynamics/b2_edge_circle_contact.cpp"; sourceTree = "<group>"; };
		B842C8502BC0C375003FA1A6 /* b2_contact.cpp */ = {isa = PBXFileReference; lastKnownFileType = sourcecode.cpp.cpp; name = b2_contact.cpp; path = "game_engine/ThirdParty/box2d-2.4.1/src/dynamics/b2_contact.cpp"; sourceTree = "<group>"; };
		B842C8512BC0C375003FA1A6 /* b2_wheel_joint.cpp */ = {isa = PBXFileReference; lastKnownFileType = sourcecode.cpp.cpp; name = b2_wheel_joint.cpp; path = "game_engine/ThirdParty/box2d-2.4.1/src/dynamics/b2_wheel_joint.cpp"; sourceTree = "<group>"; };
		B842C8522BC0C375003FA1A6 /* b2_chain_circle_contact.cpp */ = {isa = PBXFileReference; lastKnownFileType = sourcecode.cpp.cpp; name = b2_chain_circle_contact.cpp; path = "game_engine/ThirdParty/box2d-2.4.1/src/dynamics/b2_chain_circle_contact.cpp"; sourceTree = "<group>"; };
		B842C8532BC0C375003FA1A6 /* b2_motor_joint.cpp */ = {isa = PBXFileReference; lastKnownFileType = sourcecode.cpp.cpp; name = b2_motor_joint.cpp; path = "game_engine/ThirdParty/box2d-2.4.1/src/dynamics/b2_motor_joint.cpp"; sourceTree = "<group>"; };
		B842C8542BC0C375003FA1A6 /* b2_edge_polygon_contact.cpp */ = {isa = PBXFileReference; lastKnownFileType = sourcecode.cpp.cpp; name = b2_edge_polygon_contact.cpp; path = "game_engine/ThirdParty/box2d-2.4.1/src/dynamics/b2_edge_polygon_contact.cpp"; sourceTree = "<group>"; };
		B842C8552BC0C375003FA1A6 /* b2_world.cpp */ = {isa = PBXFileReference; lastKnownFileType = sourcecode.cpp.cpp; name = b2_world.cpp; path = "game_engine/ThirdParty/box2d-2.4.1/src/dynamics/b2_world.cpp"; sourceTree = "<group>"; };
		B842C8562BC0C375003FA1A6 /* b2_world_callbacks.cpp */ = {isa = PBXFileReference; lastKnownFileType = sourcecode.cpp.cpp; name = b2_world_callbacks.cpp; path = "game_engine/ThirdParty/box2d-2.4.1/src/dynamics/b2_world_callbacks.cpp"; sourceTree = "<group>"; };
		B842C8572BC0C375003FA1A6 /* b2_polygon_contact.cpp */ = {isa = PBXFileReference; lastKnownFileType = sourcecode.cpp.cpp; name = b2_polygon_contact.cpp; path = "game_engine/ThirdParty/box2d-2.4.1/src/dynamics/b2_polygon_contact.cpp"; sourceTree = "<group>"; };
		B842C8582BC0C375003FA1A6 /* b2_body.cpp */ = {isa = PBXFileReference; lastKnownFileType = sourcecode.cpp.cpp; name = b2_body.cpp; path = "game_engine/ThirdParty/box2d-2.4.1/src/dynamics/b2_body.cpp"; sourceTree = "<group>"; };
		B842C8592BC0C375003FA1A6 /* b2_prismatic_joint.cpp */ = {isa = PBXFileReference; lastKnownFileType = sourcecode.cpp.cpp; name = b2_prismatic_joint.cpp; path = "game_engine/ThirdParty/box2d-2.4.1/src/dynamics/b2_prismatic_joint.cpp"; sourceTree = "<group>"; };
		B842C85A2BC0C375003FA1A6 /* b2_polygon_circle_contact.cpp */ = {isa = PBXFileReference; lastKnownFileType = sourcecode.cpp.cpp; name = b2_polygon_circle_contact.cpp; path = "game_engine/ThirdParty/box2d-2.4.1/src/dynamics/b2_polygon_circle_contact.cpp"; sourceTree = "<group>"; };
		B842C85B2BC0C375003FA1A6 /* b2_distance_joint.cpp */ = {isa = PBXFileReference; lastKnownFileType = sourcecode.cpp.cpp; name = b2_distance_joint.cpp; path = "game_engine/ThirdParty/box2d-2.4.1/src/dynamics/b2_distance_joint.cpp"; sourceTree = "<group>"; };
		B842C85C2BC0C375003FA1A6 /* b2_circle_contact.cpp */ = {isa = PBXFileReference; lastKnownFileType = sourcecode.cpp.cpp; name = b2_circle_contact.cpp; path = "game_engine/ThirdParty/box2d-2.4.1/src/dynamics/b2_circle_contact.cpp"; sourceTree = "<group>"; };
		B842C85D2BC0C375003FA1A6 /* b2_fixture.cpp */ = {isa = PBXFileReference; lastKnownFileType = sourcecode.cpp.cpp; name = b2_fixture.cpp; path = "game_engine/ThirdParty/box2d-2.4.1/src/dynamics/b2_fixture.cpp"; sourceTree = "<group>"; };
		B842C85E2BC0C375003FA1A6 /* b2_joint.cpp */ = {isa = PBXFileReference; lastKnownFileType = sourcecode.cpp.cpp; name = b2_joint.cpp; path = "game_engine/ThirdParty/box2d-2.4.1/src/dynamics/b2_joint.cpp"; sourceTree = "<group>"; };
		B842C85F2BC0C375003FA1A6 /* b2_mouse_joint.cpp */ = {isa = PBXFileReference; lastKnownFileType = sourcecode.cpp.cpp; name = b2_mouse_joint.cpp; path = "game_engine/ThirdParty/box2d-2.4.1/src/dynamics/b2_mouse_joint.cpp"; sourceTree = "<group>"; };
		B842C8602BC0C375003FA1A6 /* b2_friction_joint.cpp */ = {isa = PBXFileReference; lastKnownFileType = sourcecode.cpp.cpp; name = b2_friction_joint.cpp; path = "game_engine/ThirdParty/box2d-2.4.1/src/dynamics/b2_friction_joint.cpp"; sourceTree = "<group>"; };
		B842C8612BC0C375003FA1A6 /* b2_chain_polygon_contact.cpp */ = {isa = PBXFileReference; lastKnownFileType = sourcecode.cpp.cpp; name = b2_chain_polygon_contact.cpp; path = "game_engine/ThirdParty/box2d-2.4.1/src/dynamics/b2_chain_polygon_contact.cpp"; sourceTree = "<group>"; };
		B842C8622BC0C375003FA1A6 /* b2_island.cpp */ = {isa = PBXFileReference; lastKnownFileType = sourcecode.cpp.cpp; name = b2_island.cpp; path = "game_engine/ThirdParty/box2d-2.4.1/src/dynamics/b2_island.cpp"; sourceTree = "<group>"; };
		B842C8632BC0C375003FA1A6 /* b2_contact_manager.cpp */ = {isa = PBXFileReference; lastKnownFileType = sourcecode.cpp.cpp; name = b2_contact_manager.cpp; path = "game_engine/ThirdParty/box2d-2.4.1/src/dynamics/b2_contact_manager.cpp"; sourceTree = "<group>"; };
		B842C8642BC0C375003FA1A6 /* b2_contact_solver.cpp */ = {isa = PBXFileReference; lastKnownFileType = sourcecode.cpp.cpp; name = b2_contact_solver.cpp; path = "game_engine/ThirdParty/box2d-2.4.1/src/dynamics/b2_contact_solver.cpp"; sourceTree = "<group>"; };
		B842C8652BC0C375003FA1A6 /* b2_pulley_joint.cpp */ = {isa = PBXFileReference; lastKnownFileType = sourcecode.cpp.cpp; name = b2_pulley_joint.cpp; path = "game_engine/ThirdParty/box2d-2.4.1/src/dynamics/b2_pulley_joint.cpp"; sourceTree = "<group>"; };
		B842C8662BC0C375003FA1A6 /* b2_revolute_joint.cpp */ = {isa = PBXFileReference; lastKnownFileType = sourcecode.cpp.cpp; name = b2_revolute_joint.cpp; path = "game_engine/ThirdParty/box2d-2.4.1/src/dynamics/b2_revolute_joint.cpp"; sourceTree = "<group>"; };
		B842C8672BC0C375003FA1A6 /* b2_weld_joint.cpp */ = {isa = PBXFileReference; lastKnownFileType = sourcecode.cpp.cpp; name = b2_weld_joint.cpp; path = "game_engine/ThirdParty/box2d-2.4.1/src/dynamics/b2_weld_joint.cpp"; sourceTree = "<group>"; };
		B842C8822BC0C384003FA1A6 /* b2_rope.cpp */ = {isa = PBXFileReference; lastKnownFileType = sourcecode.cpp.cpp; name = b2_rope.cpp; path = "game_engine/ThirdParty/box2d-2.4.1/src/rope/b2_rope.cpp"; sourceTree = "<group>"; };
		B8BB28E52B61D551005B9F57 /* game_engine */ = {isa = PBXFileReference; explicitFileType = "compiled.mach-o.executable"; includeInIndex = 0; path = game_engine; sourceTree = BUILT_PRODUCTS_DIR; };
		B8BB28E82B61D551005B9F57 /* main.cpp */ = {isa = PBXFileReference; lastKnownFileType = sourcecode.cpp.cpp; path = main.cpp; sourceTree = "<group>"; };
		B8D91A442B7AD6F3001396EC /* SDL2_mixer.framework */ = {isa = PBXFileReference; lastKnownFileType = wrapper.framework; name = SDL2_mixer.framework; path = Frameworks/SDL2_mixer.framework; sourceTree = "<group>"; };
		B8D91A452B7AD6F3001396EC /* SDL2_image.framework */ = {isa = PBXFileReference; lastKnownFileType = wrapper.framework; name = SDL2_image.framework; path = Frameworks/SDL2_image.framework; sourceTree = "<group>"; };
		B8D91A462B7AD6F3001396EC /* SDL2_ttf.framework */ = {isa = PBXFileReference; lastKnownFileType = wrapper.framework; name = SDL2_ttf.framework; path = Frameworks/SDL2_ttf.framework; sourceTree = "<group>"; };
		B8D91A472B7AD6F3001396EC /* SDL2.framework */ = {isa = PBXFileReference; lastKnownFileType = wrapper.framework; name = SDL2.framework; path = Frameworks/SDL2.framework; sourceTree = "<group>"; };
		B8D91A552B7ADBED001396EC /* game_engine.entitlements */ = {isa = PBXFileReference; lastKnownFileType = text.plist.entitlements; path = game_engine.entitlements; sourceTree = "<group>"; };
/* End PBXFileReference section */

/* Begin PBXFrameworksBuildPhase section */
		B8BB28E22B61D551005B9F57 /* Frameworks */ = {
			isa = PBXFrameworksBuildPhase;
			buildActionMask = 2147483647;
			files = (
				B8D91A4C2B7AD6F3001396EC /* SDL2_ttf.framework in Frameworks */,
				B8D91A512B7AD704001396EC /* SDL2_mixer.framework in Frameworks */,
				B8D91A4E2B7AD6F3001396EC /* SDL2.framework in Frameworks */,
				B8D91A532B7AD705001396EC /* SDL2_image.framework in Frameworks */,
			);
			runOnlyForDeploymentPostprocessing = 0;
		};
/* End PBXFrameworksBuildPhase section */

/* Begin PBXGroup section */
		B80277ED2BBE196000343E17 /* Classes */ = {
			isa = PBXGroup;
			children = (
				B80277EE2BBE196000343E17 /* SceneAPI.h */,
				B80277EF2BBE196000343E17 /* scancodes.h */,
				B80277F02BBE196000343E17 /* SceneUtils.h */,
				B80277F12BBE196000343E17 /* SceneAPI.cpp */,
				B80277F22BBE196000343E17 /* Engine.h */,
				B80277F32BBE196000343E17 /* Input.h */,
				B80277F42BBE196000343E17 /* Text.h */,
				B80277F52BBE196000343E17 /* Application.h */,
				B80277F62BBE196000343E17 /* DBs */,
				B80277FF2BBE196000343E17 /* Renderer.h */,
				B80278002BBE196000343E17 /* Player.h */,
				B80278012BBE196000343E17 /* ImageDrawRequest.h */,
				B80278022BBE196000343E17 /* Actor.h */,
				B80278032BBE196000343E17 /* Component.h */,
				B80278042BBE196000343E17 /* ActorUtils.h */,
				B80278052BBE196000343E17 /* EngineUtils.h */,
				B80278062BBE196000343E17 /* Renderer.cpp */,
				B80278072BBE196000343E17 /* Scene.h */,
			);
			path = Classes;
			sourceTree = "<group>";
		};
		B80277F62BBE196000343E17 /* DBs */ = {
			isa = PBXGroup;
			children = (
				B80277F72BBE196000343E17 /* ImageDB.cpp */,
				B80277F82BBE196000343E17 /* ComponentDB.h */,
				B80277F92BBE196000343E17 /* ActorDB.h */,
				B80277FA2BBE196000343E17 /* AudioDB.h */,
				B80277FB2BBE196000343E17 /* TextDB.cpp */,
				B80277FC2BBE196000343E17 /* ImageDB.h */,
				B80277FD2BBE196000343E17 /* TextDB.h */,
				B80277FE2BBE196000343E17 /* AudioDB.cpp */,
			);
			path = DBs;
			sourceTree = "<group>";
		};
		B8027DA92BBE1DD700343E17 /* Lua */ = {
			isa = PBXGroup;
			children = (
				B8027DAA2BBE1DD700343E17 /* lauxlib.c */,
				B8027DAB2BBE1DD700343E17 /* lmem.h */,
				B8027DAC2BBE1DD700343E17 /* llimits.h */,
				B8027DAD2BBE1DD700343E17 /* luaconf.h */,
				B8027DAE2BBE1DD700343E17 /* lzio.h */,
				B8027DAF2BBE1DD700343E17 /* lgc.h */,
				B8027DB02BBE1DD700343E17 /* liolib.c */,
				B8027DB12BBE1DD700343E17 /* lopcodes.c */,
				B8027DB22BBE1DD700343E17 /* lstate.c */,
				B8027DB32BBE1DD700343E17 /* lua.hpp */,
				B8027DB42BBE1DD700343E17 /* lobject.c */,
				B8027DB52BBE1DD700343E17 /* lualib.h */,
				B8027DB62BBE1DD700343E17 /* lmathlib.c */,
				B8027DB72BBE1DD700343E17 /* lopnames.h */,
				B8027DB82BBE1DD700343E17 /* loadlib.c */,
				B8027DB92BBE1DD700343E17 /* lvm.c */,
				B8027DBA2BBE1DD700343E17 /* lfunc.c */,
				B8027DBB2BBE1DD700343E17 /* lstrlib.c */,
				B8027DBC2BBE1DD700343E17 /* ldebug.h */,
				B8027DBD2BBE1DD700343E17 /* linit.c */,
				B8027DBE2BBE1DD700343E17 /* lcode.h */,
				B8027DBF2BBE1DD700343E17 /* lapi.h */,
				B8027DC02BBE1DD700343E17 /* lstring.c */,
				B8027DC12BBE1DD700343E17 /* ldo.h */,
				B8027DC22BBE1DD700343E17 /* lundump.c */,
				B8027DC32BBE1DD700343E17 /* lctype.c */,
				B8027DC42BBE1DD700343E17 /* ljumptab.h */,
				B8027DC52BBE1DD700343E17 /* llex.h */,
				B8027DC62BBE1DD700343E17 /* ltm.h */,
				B8027DC72BBE1DD700343E17 /* ltable.c */,
				B8027DC82BBE1DD700343E17 /* lparser.h */,
				B8027DC92BBE1DD700343E17 /* ldump.c */,
				B8027DCA2BBE1DD700343E17 /* lobject.h */,
				B8027DCB2BBE1DD700343E17 /* lstate.h */,
				B8027DCC2BBE1DD700343E17 /* lopcodes.h */,
				B8027DCD2BBE1DD700343E17 /* loslib.c */,
				B8027DCE2BBE1DD700343E17 /* lgc.c */,
				B8027DCF2BBE1DD700343E17 /* lzio.c */,
				B8027DD02BBE1DD700343E17 /* ldblib.c */,
				B8027DD12BBE1DD700343E17 /* lutf8lib.c */,
				B8027DD22BBE1DD700343E17 /* lmem.c */,
				B8027DD32BBE1DD700343E17 /* lauxlib.h */,
				B8027DD42BBE1DD700343E17 /* lvm.h */,
				B8027DD52BBE1DD700343E17 /* lcorolib.c */,
				B8027DD62BBE1DD700343E17 /* lstring.h */,
				B8027DD72BBE1DD700343E17 /* lcode.c */,
				B8027DD82BBE1DD700343E17 /* ltablib.c */,
				B8027DD92BBE1DD700343E17 /* lapi.c */,
				B8027DDA2BBE1DD700343E17 /* lbaselib.c */,
				B8027DDB2BBE1DD700343E17 /* lua.h */,
				B8027DDC2BBE1DD700343E17 /* ldebug.c */,
				B8027DDD2BBE1DD700343E17 /* lfunc.h */,
				B8027DDE2BBE1DD700343E17 /* lprefix.h */,
				B8027DDF2BBE1DD700343E17 /* lparser.c */,
				B8027DE02BBE1DD700343E17 /* llex.c */,
				B8027DE12BBE1DD700343E17 /* ltable.h */,
				B8027DE22BBE1DD700343E17 /* ltm.c */,
				B8027DE32BBE1DD700343E17 /* lctype.h */,
				B8027DE42BBE1DD700343E17 /* ldo.c */,
				B8027DE52BBE1DD700343E17 /* lundump.h */,
			);
			name = Lua;
			path = ThirdParty/Lua;
			sourceTree = "<group>";
		};
		B8BB28DC2B61D551005B9F57 = {
			isa = PBXGroup;
			children = (
				B842C8822BC0C384003FA1A6 /* b2_rope.cpp */,
				B842C8582BC0C375003FA1A6 /* b2_body.cpp */,
				B842C8522BC0C375003FA1A6 /* b2_chain_circle_contact.cpp */,
				B842C8612BC0C375003FA1A6 /* b2_chain_polygon_contact.cpp */,
				B842C85C2BC0C375003FA1A6 /* b2_circle_contact.cpp */,
				B842C8632BC0C375003FA1A6 /* b2_contact_manager.cpp */,
				B842C8642BC0C375003FA1A6 /* b2_contact_solver.cpp */,
				B842C8502BC0C375003FA1A6 /* b2_contact.cpp */,
				B842C85B2BC0C375003FA1A6 /* b2_distance_joint.cpp */,
				B842C84F2BC0C375003FA1A6 /* b2_edge_circle_contact.cpp */,
				B842C8542BC0C375003FA1A6 /* b2_edge_polygon_contact.cpp */,
				B842C85D2BC0C375003FA1A6 /* b2_fixture.cpp */,
				B842C8602BC0C375003FA1A6 /* b2_friction_joint.cpp */,
				B842C84E2BC0C375003FA1A6 /* b2_gear_joint.cpp */,
				B842C8622BC0C375003FA1A6 /* b2_island.cpp */,
				B842C85E2BC0C375003FA1A6 /* b2_joint.cpp */,
				B842C8532BC0C375003FA1A6 /* b2_motor_joint.cpp */,
				B842C85F2BC0C375003FA1A6 /* b2_mouse_joint.cpp */,
				B842C85A2BC0C375003FA1A6 /* b2_polygon_circle_contact.cpp */,
				B842C8572BC0C375003FA1A6 /* b2_polygon_contact.cpp */,
				B842C8592BC0C375003FA1A6 /* b2_prismatic_joint.cpp */,
				B842C8652BC0C375003FA1A6 /* b2_pulley_joint.cpp */,
				B842C8662BC0C375003FA1A6 /* b2_revolute_joint.cpp */,
				B842C8672BC0C375003FA1A6 /* b2_weld_joint.cpp */,
				B842C8512BC0C375003FA1A6 /* b2_wheel_joint.cpp */,
				B842C8562BC0C375003FA1A6 /* b2_world_callbacks.cpp */,
				B842C8552BC0C375003FA1A6 /* b2_world.cpp */,
				B842C8472BC0C34D003FA1A6 /* b2_block_allocator.cpp */,
				B842C8422BC0C34D003FA1A6 /* b2_draw.cpp */,
				B842C8452BC0C34D003FA1A6 /* b2_math.cpp */,
				B842C8442BC0C34D003FA1A6 /* b2_settings.cpp */,
				B842C8432BC0C34D003FA1A6 /* b2_stack_allocator.cpp */,
				B842C8462BC0C34D003FA1A6 /* b2_timer.cpp */,
				B842C8312BC0C336003FA1A6 /* b2_broad_phase.cpp */,
				B842C82B2BC0C336003FA1A6 /* b2_chain_shape.cpp */,
				B842C8322BC0C336003FA1A6 /* b2_circle_shape.cpp */,
				B842C8352BC0C336003FA1A6 /* b2_collide_circle.cpp */,
				B842C82D2BC0C336003FA1A6 /* b2_collide_edge.cpp */,
				B842C8302BC0C336003FA1A6 /* b2_collide_polygon.cpp */,
				B842C82E2BC0C336003FA1A6 /* b2_collision.cpp */,
				B842C82A2BC0C336003FA1A6 /* b2_distance.cpp */,
				B842C8342BC0C336003FA1A6 /* b2_dynamic_tree.cpp */,
				B842C8332BC0C336003FA1A6 /* b2_edge_shape.cpp */,
				B842C82C2BC0C336003FA1A6 /* b2_polygon_shape.cpp */,
				B842C82F2BC0C336003FA1A6 /* b2_time_of_impact.cpp */,
				B842C7DD2BC0C25B003FA1A6 /* Raycasts.cpp */,
				B842C7DB2BC0C24B003FA1A6 /* ColliderListen.cpp */,
				B8BB28E72B61D551005B9F57 /* game_engine */,
				B8BB28E62B61D551005B9F57 /* Products */,
				B8D91A422B7AD6D8001396EC /* Frameworks */,
			);
			sourceTree = "<group>";
		};
		B8BB28E62B61D551005B9F57 /* Products */ = {
			isa = PBXGroup;
			children = (
				B8BB28E52B61D551005B9F57 /* game_engine */,
			);
			name = Products;
			sourceTree = "<group>";
		};
		B8BB28E72B61D551005B9F57 /* game_engine */ = {
			isa = PBXGroup;
			children = (
				B8027DA92BBE1DD700343E17 /* Lua */,
				B80277ED2BBE196000343E17 /* Classes */,
				B8D91A552B7ADBED001396EC /* game_engine.entitlements */,
				B8BB28E82B61D551005B9F57 /* main.cpp */,
			);
			path = game_engine;
			sourceTree = "<group>";
		};
		B8D91A422B7AD6D8001396EC /* Frameworks */ = {
			isa = PBXGroup;
			children = (
				B8D91A452B7AD6F3001396EC /* SDL2_image.framework */,
				B8D91A442B7AD6F3001396EC /* SDL2_mixer.framework */,
				B8D91A462B7AD6F3001396EC /* SDL2_ttf.framework */,
				B8D91A472B7AD6F3001396EC /* SDL2.framework */,
			);
			name = Frameworks;
			sourceTree = "<group>";
		};
/* End PBXGroup section */

/* Begin PBXNativeTarget section */
		B8BB28E42B61D551005B9F57 /* game_engine */ = {
			isa = PBXNativeTarget;
			buildConfigurationList = B8BB28EC2B61D551005B9F57 /* Build configuration list for PBXNativeTarget "game_engine" */;
			buildPhases = (
				B8BB28E12B61D551005B9F57 /* Sources */,
				B8BB28E22B61D551005B9F57 /* Frameworks */,
				B8BB28E32B61D551005B9F57 /* CopyFiles */,
			);
			buildRules = (
			);
			dependencies = (
			);
			name = game_engine;
			productName = game_engine;
			productReference = B8BB28E52B61D551005B9F57 /* game_engine */;
			productType = "com.apple.product-type.tool";
		};
/* End PBXNativeTarget section */

/* Begin PBXProject section */
		B8BB28DD2B61D551005B9F57 /* Project object */ = {
			isa = PBXProject;
			attributes = {
				BuildIndependentTargetsInParallel = 1;
				LastUpgradeCheck = 1520;
				TargetAttributes = {
					B8BB28E42B61D551005B9F57 = {
						CreatedOnToolsVersion = 15.2;
					};
				};
			};
			buildConfigurationList = B8BB28E02B61D551005B9F57 /* Build configuration list for PBXProject "game_engine" */;
			compatibilityVersion = "Xcode 14.0";
			developmentRegion = en;
			hasScannedForEncodings = 0;
			knownRegions = (
				en,
				Base,
			);
			mainGroup = B8BB28DC2B61D551005B9F57;
			productRefGroup = B8BB28E62B61D551005B9F57 /* Products */;
			projectDirPath = "";
			projectRoot = "";
			targets = (
				B8BB28E42B61D551005B9F57 /* game_engine */,
			);
		};
/* End PBXProject section */

/* Begin PBXSourcesBuildPhase section */
		B8BB28E12B61D551005B9F57 /* Sources */ = {
			isa = PBXSourcesBuildPhase;
			buildActionMask = 2147483647;
			files = (
				B842C8832BC0C384003FA1A6 /* b2_rope.cpp in Sources */,
				B842C8682BC0C375003FA1A6 /* b2_gear_joint.cpp in Sources */,
				B842C8692BC0C375003FA1A6 /* b2_edge_circle_contact.cpp in Sources */,
				B842C86A2BC0C375003FA1A6 /* b2_contact.cpp in Sources */,
				B842C86B2BC0C375003FA1A6 /* b2_wheel_joint.cpp in Sources */,
				B842C86C2BC0C375003FA1A6 /* b2_chain_circle_contact.cpp in Sources */,
				B842C86D2BC0C375003FA1A6 /* b2_motor_joint.cpp in Sources */,
				B842C86E2BC0C375003FA1A6 /* b2_edge_polygon_contact.cpp in Sources */,
				B842C86F2BC0C375003FA1A6 /* b2_world.cpp in Sources */,
				B842C8702BC0C375003FA1A6 /* b2_world_callbacks.cpp in Sources */,
				B842C8712BC0C375003FA1A6 /* b2_polygon_contact.cpp in Sources */,
				B842C8722BC0C375003FA1A6 /* b2_body.cpp in Sources */,
				B842C8732BC0C375003FA1A6 /* b2_prismatic_joint.cpp in Sources */,
				B842C8742BC0C375003FA1A6 /* b2_polygon_circle_contact.cpp in Sources */,
				B842C8752BC0C375003FA1A6 /* b2_distance_joint.cpp in Sources */,
				B842C8762BC0C375003FA1A6 /* b2_circle_contact.cpp in Sources */,
				B842C8772BC0C375003FA1A6 /* b2_fixture.cpp in Sources */,
				B842C8782BC0C375003FA1A6 /* b2_joint.cpp in Sources */,
				B842C8792BC0C375003FA1A6 /* b2_mouse_joint.cpp in Sources */,
				B842C87A2BC0C376003FA1A6 /* b2_friction_joint.cpp in Sources */,
				B842C87B2BC0C376003FA1A6 /* b2_chain_polygon_contact.cpp in Sources */,
				B842C87C2BC0C376003FA1A6 /* b2_island.cpp in Sources */,
				B842C87D2BC0C376003FA1A6 /* b2_contact_manager.cpp in Sources */,
				B842C87E2BC0C376003FA1A6 /* b2_contact_solver.cpp in Sources */,
				B842C87F2BC0C376003FA1A6 /* b2_pulley_joint.cpp in Sources */,
				B842C8802BC0C376003FA1A6 /* b2_revolute_joint.cpp in Sources */,
				B842C8812BC0C376003FA1A6 /* b2_weld_joint.cpp in Sources */,
				B842C8482BC0C34D003FA1A6 /* b2_draw.cpp in Sources */,
				B842C8492BC0C34D003FA1A6 /* b2_stack_allocator.cpp in Sources */,
				B842C84A2BC0C34D003FA1A6 /* b2_settings.cpp in Sources */,
				B842C84B2BC0C34D003FA1A6 /* b2_math.cpp in Sources */,
				B842C84C2BC0C34D003FA1A6 /* b2_timer.cpp in Sources */,
				B842C84D2BC0C34D003FA1A6 /* b2_block_allocator.cpp in Sources */,
				B842C8362BC0C336003FA1A6 /* b2_distance.cpp in Sources */,
				B842C8372BC0C336003FA1A6 /* b2_chain_shape.cpp in Sources */,
				B842C8382BC0C336003FA1A6 /* b2_polygon_shape.cpp in Sources */,
				B842C8392BC0C336003FA1A6 /* b2_collide_edge.cpp in Sources */,
				B842C83A2BC0C336003FA1A6 /* b2_collision.cpp in Sources */,
				B842C83B2BC0C336003FA1A6 /* b2_time_of_impact.cpp in Sources */,
				B842C83C2BC0C336003FA1A6 /* b2_collide_polygon.cpp in Sources */,
				B842C83D2BC0C336003FA1A6 /* b2_broad_phase.cpp in Sources */,
				B842C83E2BC0C336003FA1A6 /* b2_circle_shape.cpp in Sources */,
				B842C83F2BC0C336003FA1A6 /* b2_edge_shape.cpp in Sources */,
				B842C8402BC0C336003FA1A6 /* b2_dynamic_tree.cpp in Sources */,
				B842C8412BC0C336003FA1A6 /* b2_collide_circle.cpp in Sources */,
				B842C7DE2BC0C25B003FA1A6 /* Raycasts.cpp in Sources */,
				B842C7DC2BC0C24B003FA1A6 /* ColliderListen.cpp in Sources */,
				B8027DEE2BBE1DD700343E17 /* lfunc.c in Sources */,
				B802780C2BBE196000343E17 /* Renderer.cpp in Sources */,
				B8027DE82BBE1DD700343E17 /* lopcodes.c in Sources */,
				B8027DF62BBE1DD700343E17 /* loslib.c in Sources */,
				B8027DFA2BBE1DD700343E17 /* lutf8lib.c in Sources */,
				B8027E002BBE1DD700343E17 /* lbaselib.c in Sources */,
				B8027DF02BBE1DD700343E17 /* linit.c in Sources */,
				B8027DFB2BBE1DD700343E17 /* lmem.c in Sources */,
				B8BB28E92B61D551005B9F57 /* main.cpp in Sources */,
				B8027E022BBE1DD700343E17 /* lparser.c in Sources */,
				B802780B2BBE196000343E17 /* AudioDB.cpp in Sources */,
				B8027DFD2BBE1DD700343E17 /* lcode.c in Sources */,
				B8027E032BBE1DD700343E17 /* llex.c in Sources */,
				B8027E042BBE1DD700343E17 /* ltm.c in Sources */,
				B8027DF22BBE1DD700343E17 /* lundump.c in Sources */,
				B8027E012BBE1DD700343E17 /* ldebug.c in Sources */,
				B8027DE92BBE1DD700343E17 /* lstate.c in Sources */,
				B8027DEF2BBE1DD700343E17 /* lstrlib.c in Sources */,
				B8027DF42BBE1DD700343E17 /* ltable.c in Sources */,
				B8027DF52BBE1DD700343E17 /* ldump.c in Sources */,
				B8027DF72BBE1DD700343E17 /* lgc.c in Sources */,
				B8027DFC2BBE1DD700343E17 /* lcorolib.c in Sources */,
				B8027DED2BBE1DD700343E17 /* lvm.c in Sources */,
				B8027DF32BBE1DD700343E17 /* lctype.c in Sources */,
				B8027DEC2BBE1DD700343E17 /* loadlib.c in Sources */,
				B80278092BBE196000343E17 /* ImageDB.cpp in Sources */,
				B8027DEA2BBE1DD700343E17 /* lobject.c in Sources */,
				B8027DE72BBE1DD700343E17 /* liolib.c in Sources */,
				B8027DF12BBE1DD700343E17 /* lstring.c in Sources */,
				B8027E052BBE1DD700343E17 /* ldo.c in Sources */,
				B8027DF82BBE1DD700343E17 /* lzio.c in Sources */,
				B8027DEB2BBE1DD700343E17 /* lmathlib.c in Sources */,
				B802780A2BBE196000343E17 /* TextDB.cpp in Sources */,
				B8027DFE2BBE1DD700343E17 /* ltablib.c in Sources */,
				B8027DE62BBE1DD700343E17 /* lauxlib.c in Sources */,
				B8027DFF2BBE1DD700343E17 /* lapi.c in Sources */,
				B8027DF92BBE1DD700343E17 /* ldblib.c in Sources */,
				B80278082BBE196000343E17 /* SceneAPI.cpp in Sources */,
			);
			runOnlyForDeploymentPostprocessing = 0;
		};
/* End PBXSourcesBuildPhase section */

/* Begin XCBuildConfiguration section */
		B8BB28EA2B61D551005B9F57 /* Debug */ = {
			isa = XCBuildConfiguration;
			buildSettings = {
				ALWAYS_SEARCH_USER_PATHS = NO;
				ASSETCATALOG_COMPILER_GENERATE_SWIFT_ASSET_SYMBOL_EXTENSIONS = YES;
				CLANG_ANALYZER_NONNULL = YES;
				CLANG_ANALYZER_NUMBER_OBJECT_CONVERSION = YES_AGGRESSIVE;
				CLANG_CXX_LANGUAGE_STANDARD = "gnu++20";
				CLANG_ENABLE_MODULES = YES;
				CLANG_ENABLE_OBJC_ARC = YES;
				CLANG_ENABLE_OBJC_WEAK = YES;
				CLANG_WARN_BLOCK_CAPTURE_AUTORELEASING = YES;
				CLANG_WARN_BOOL_CONVERSION = YES;
				CLANG_WARN_COMMA = YES;
				CLANG_WARN_CONSTANT_CONVERSION = YES;
				CLANG_WARN_DEPRECATED_OBJC_IMPLEMENTATIONS = YES;
				CLANG_WARN_DIRECT_OBJC_ISA_USAGE = YES_ERROR;
				CLANG_WARN_DOCUMENTATION_COMMENTS = YES;
				CLANG_WARN_EMPTY_BODY = YES;
				CLANG_WARN_ENUM_CONVERSION = YES;
				CLANG_WARN_INFINITE_RECURSION = YES;
				CLANG_WARN_INT_CONVERSION = YES;
				CLANG_WARN_NON_LITERAL_NULL_CONVERSION = YES;
				CLANG_WARN_OBJC_IMPLICIT_RETAIN_SELF = YES;
				CLANG_WARN_OBJC_LITERAL_CONVERSION = YES;
				CLANG_WARN_OBJC_ROOT_CLASS = YES_ERROR;
				CLANG_WARN_QUOTED_INCLUDE_IN_FRAMEWORK_HEADER = YES;
				CLANG_WARN_RANGE_LOOP_ANALYSIS = YES;
				CLANG_WARN_STRICT_PROTOTYPES = YES;
				CLANG_WARN_SUSPICIOUS_MOVE = YES;
				CLANG_WARN_UNGUARDED_AVAILABILITY = YES_AGGRESSIVE;
				CLANG_WARN_UNREACHABLE_CODE = YES;
				CLANG_WARN__DUPLICATE_METHOD_MATCH = YES;
				COPY_PHASE_STRIP = NO;
				DEBUG_INFORMATION_FORMAT = dwarf;
				ENABLE_STRICT_OBJC_MSGSEND = YES;
				ENABLE_TESTABILITY = YES;
				ENABLE_USER_SCRIPT_SANDBOXING = YES;
				GCC_C_LANGUAGE_STANDARD = gnu17;
				GCC_DYNAMIC_NO_PIC = NO;
				GCC_NO_COMMON_BLOCKS = YES;
				GCC_OPTIMIZATION_LEVEL = 0;
				GCC_PREPROCESSOR_DEFINITIONS = (
					"DEBUG=1",
					"$(inherited)",
				);
				GCC_WARN_64_TO_32_BIT_CONVERSION = YES;
				GCC_WARN_ABOUT_RETURN_TYPE = YES_ERROR;
				GCC_WARN_UNDECLARED_SELECTOR = YES;
				GCC_WARN_UNINITIALIZED_AUTOS = YES_AGGRESSIVE;
				GCC_WARN_UNUSED_FUNCTION = YES;
				GCC_WARN_UNUSED_VARIABLE = YES;
				HEADER_SEARCH_PATHS = (
					"$(PROJECT_DIR)/game_engine/ThirdParty/glm",
					"$(PROJECT_DIR)/game_engine/ThirdParty",
					"$(PROJECT_DIR)/game_engine/Classes/**",
					"$(PROJECT_DIR)/game_engine/ThirdParty/rapidjson-1.1.0/include",
					"$(PROJECT_DIR)/game_engine/resources",
					"$(PROJECT_DIR)/game_engine/ThirdParty/rapidjson-1.1.0/",
					"$(PROJECT_DIR)/game_engine/ThirdParty/LuaBridge/**",
					"$(PROJECT_DIR)/game_engine/ThirdParty/Lua",
				);
				LD_RUNPATH_SEARCH_PATHS = (
					"$(PROJECT_DIR)/game_engine/ThirdParty/Lua",
					"$(PROJECT_DIR)/game_engine/ThirdParty/LuaBridge",
				);
				LIBRARY_SEARCH_PATHS = (
					"$(PROJECT_DIR)/game_engine/ThirdParty/glm/**",
					"$(PROJECT_DIR)/game_engine/Classes/**",
					"$(PROJECT_DIR)/game_engine/ThirdParty",
					"$(PROJECT_DIR)/game_engine/ThirdParty/Lua/**",
					"$(PROJECT_DIR)/game_engine/ThirdParty/LuaBridgeac/**",
				);
				LOCALIZATION_PREFERS_STRING_CATALOGS = YES;
				MACOSX_DEPLOYMENT_TARGET = 13.6;
				MTL_ENABLE_DEBUG_INFO = INCLUDE_SOURCE;
				MTL_FAST_MATH = YES;
				ONLY_ACTIVE_ARCH = YES;
				SDKROOT = macosx;
			};
			name = Debug;
		};
		B8BB28EB2B61D551005B9F57 /* Release */ = {
			isa = XCBuildConfiguration;
			buildSettings = {
				ALWAYS_SEARCH_USER_PATHS = NO;
				ASSETCATALOG_COMPILER_GENERATE_SWIFT_ASSET_SYMBOL_EXTENSIONS = YES;
				CLANG_ANALYZER_NONNULL = YES;
				CLANG_ANALYZER_NUMBER_OBJECT_CONVERSION = YES_AGGRESSIVE;
				CLANG_CXX_LANGUAGE_STANDARD = "gnu++20";
				CLANG_ENABLE_MODULES = YES;
				CLANG_ENABLE_OBJC_ARC = YES;
				CLANG_ENABLE_OBJC_WEAK = YES;
				CLANG_WARN_BLOCK_CAPTURE_AUTORELEASING = YES;
				CLANG_WARN_BOOL_CONVERSION = YES;
				CLANG_WARN_COMMA = YES;
				CLANG_WARN_CONSTANT_CONVERSION = YES;
				CLANG_WARN_DEPRECATED_OBJC_IMPLEMENTATIONS = YES;
				CLANG_WARN_DIRECT_OBJC_ISA_USAGE = YES_ERROR;
				CLANG_WARN_DOCUMENTATION_COMMENTS = YES;
				CLANG_WARN_EMPTY_BODY = YES;
				CLANG_WARN_ENUM_CONVERSION = YES;
				CLANG_WARN_INFINITE_RECURSION = YES;
				CLANG_WARN_INT_CONVERSION = YES;
				CLANG_WARN_NON_LITERAL_NULL_CONVERSION = YES;
				CLANG_WARN_OBJC_IMPLICIT_RETAIN_SELF = YES;
				CLANG_WARN_OBJC_LITERAL_CONVERSION = YES;
				CLANG_WARN_OBJC_ROOT_CLASS = YES_ERROR;
				CLANG_WARN_QUOTED_INCLUDE_IN_FRAMEWORK_HEADER = YES;
				CLANG_WARN_RANGE_LOOP_ANALYSIS = YES;
				CLANG_WARN_STRICT_PROTOTYPES = YES;
				CLANG_WARN_SUSPICIOUS_MOVE = YES;
				CLANG_WARN_UNGUARDED_AVAILABILITY = YES_AGGRESSIVE;
				CLANG_WARN_UNREACHABLE_CODE = YES;
				CLANG_WARN__DUPLICATE_METHOD_MATCH = YES;
				COPY_PHASE_STRIP = NO;
				DEBUG_INFORMATION_FORMAT = "dwarf-with-dsym";
				ENABLE_NS_ASSERTIONS = NO;
				ENABLE_STRICT_OBJC_MSGSEND = YES;
				ENABLE_USER_SCRIPT_SANDBOXING = YES;
				GCC_C_LANGUAGE_STANDARD = gnu17;
				GCC_NO_COMMON_BLOCKS = YES;
				GCC_WARN_64_TO_32_BIT_CONVERSION = YES;
				GCC_WARN_ABOUT_RETURN_TYPE = YES_ERROR;
				GCC_WARN_UNDECLARED_SELECTOR = YES;
				GCC_WARN_UNINITIALIZED_AUTOS = YES_AGGRESSIVE;
				GCC_WARN_UNUSED_FUNCTION = YES;
				GCC_WARN_UNUSED_VARIABLE = YES;
				HEADER_SEARCH_PATHS = (
					"$(PROJECT_DIR)/game_engine/ThirdParty/glm",
					"$(PROJECT_DIR)/game_engine/ThirdParty",
					"$(PROJECT_DIR)/game_engine/Classes/**",
					"$(PROJECT_DIR)/game_engine/ThirdParty/rapidjson-1.1.0/include",
					"$(PROJECT_DIR)/game_engine/resources",
					"$(PROJECT_DIR)/game_engine/ThirdParty/rapidjson-1.1.0/",
					"$(PROJECT_DIR)/game_engine/ThirdParty/LuaBridge/**",
					"$(PROJECT_DIR)/game_engine/ThirdParty/Lua",
				);
				LD_RUNPATH_SEARCH_PATHS = (
					"$(PROJECT_DIR)/game_engine/ThirdParty/Lua",
					"$(PROJECT_DIR)/game_engine/ThirdParty/LuaBridge",
				);
				LIBRARY_SEARCH_PATHS = (
					"$(PROJECT_DIR)/game_engine/ThirdParty/glm/**",
					"$(PROJECT_DIR)/game_engine/Classes/**",
					"$(PROJECT_DIR)/game_engine/ThirdParty",
					"$(PROJECT_DIR)/game_engine/ThirdParty/Lua/**",
					"$(PROJECT_DIR)/game_engine/ThirdParty/LuaBridgeac/**",
				);
				LOCALIZATION_PREFERS_STRING_CATALOGS = YES;
				MACOSX_DEPLOYMENT_TARGET = 13.6;
				MTL_ENABLE_DEBUG_INFO = NO;
				MTL_FAST_MATH = YES;
				SDKROOT = macosx;
			};
			name = Release;
		};
		B8BB28ED2B61D551005B9F57 /* Debug */ = {
			isa = XCBuildConfiguration;
			buildSettings = {
				CODE_SIGN_ENTITLEMENTS = game_engine/game_engine.entitlements;
				"CODE_SIGN_IDENTITY[sdk=macosx*]" = "-";
				CODE_SIGN_STYLE = Automatic;
				DEVELOPMENT_TEAM = 7P6845C48U;
				ENABLE_HARDENED_RUNTIME = YES;
				FRAMEWORK_SEARCH_PATHS = "$(PROJECT_DIR)/Frameworks";
				HEADER_SEARCH_PATHS = (
					"$(PROJECT_DIR)/game_engine/ThirdParty/glm",
					"$(PROJECT_DIR)/game_engine/ThirdParty",
					"$(PROJECT_DIR)/game_engine/Classes/**",
					"$(PROJECT_DIR)/game_engine/ThirdParty/rapidjson-1.1.0/include",
					"$(PROJECT_DIR)/game_engine/resources",
					"$(PROJECT_DIR)/game_engine/ThirdParty/rapidjson-1.1.0/",
					"$(PROJECT_DIR)/game_engine/ThirdParty/SDL_image/**",
					"$(PROJECT_DIR)/game_engine/ThirdParty/SDL_mixer/**",
					"$(PROJECT_DIR)/game_engine/ThirdParty/SDL2_ttf/**",
					"$(PROJECT_DIR)/game_engine/ThirdParty/SDL2/**",
					"$(PROJECT_DIR)/game_engine/ThirdParty/LuaBridge/**",
					"$(PROJECT_DIR)/game_engine/ThirdParty/Lua",
					"$(PROJECT_DIR)/game_engine/ThirdParty/box2d-2.4.1/**",
				);
				LD_RUNPATH_SEARCH_PATHS = (
					"$(PROJECT_DIR)/Frameworks",
					"$(PROJECT_DIR)/game_engine/ThirdParty/Lua",
					"$(PROJECT_DIR)/game_engine/ThirdParty/LuaBridge",
				);
				LIBRARY_SEARCH_PATHS = (
					"$(PROJECT_DIR)/game_engine/ThirdParty",
					"$(PROJECT_DIR)/game_engine/ThirdParty/glm",
					"$(PROJECT_DIR)/game_engine/Classes",
					"$(PROJECT_DIR)/game_engine/ThirdParty/rapidjson-1.1.0",
					"$(PROJECT_DIR)/game_engine/ThirdParty/rapidjson-1.1.0/include",
					"$(PROJECT_DIR)/game_engine/ThirdParty/Lua/**",
					"$(PROJECT_DIR)/game_engine/ThirdParty/LuaBridge",
					"$(PROJECT_DIR)/game_engine/ThirdParty/SDL2_ttf/lib",
					"$(PROJECT_DIR)/game_engine/ThirdParty/SDL2_mixer/lib",
					"$(PROJECT_DIR)/game_engine/ThirdParty/SDL2_image/lib",
					"$(PROJECT_DIR)/game_engine/ThirdParty/SDL2/lib",
				);
				OTHER_LDFLAGS = "";
				PRODUCT_NAME = "$(TARGET_NAME)";
			};
			name = Debug;
		};
		B8BB28EE2B61D551005B9F57 /* Release */ = {
			isa = XCBuildConfiguration;
			buildSettings = {
				CODE_SIGN_ENTITLEMENTS = game_engine/game_engine.entitlements;
				"CODE_SIGN_IDENTITY[sdk=macosx*]" = "-";
				CODE_SIGN_STYLE = Automatic;
				DEVELOPMENT_TEAM = 7P6845C48U;
				ENABLE_HARDENED_RUNTIME = YES;
				FRAMEWORK_SEARCH_PATHS = "$(PROJECT_DIR)/Frameworks";
				HEADER_SEARCH_PATHS = (
					"$(PROJECT_DIR)/game_engine/ThirdParty/glm",
					"$(PROJECT_DIR)/game_engine/ThirdParty",
					"$(PROJECT_DIR)/game_engine/Classes/**",
					"$(PROJECT_DIR)/game_engine/ThirdParty/rapidjson-1.1.0/include",
					"$(PROJECT_DIR)/game_engine/resources",
					"$(PROJECT_DIR)/game_engine/ThirdParty/rapidjson-1.1.0/",
					"$(PROJECT_DIR)/game_engine/ThirdParty/SDL_image/**",
					"$(PROJECT_DIR)/game_engine/ThirdParty/SDL_mixer/**",
					"$(PROJECT_DIR)/game_engine/ThirdParty/SDL2_ttf/**",
					"$(PROJECT_DIR)/game_engine/ThirdParty/SDL2/**",
					"$(PROJECT_DIR)/game_engine/ThirdParty/LuaBridge/**",
					"$(PROJECT_DIR)/game_engine/ThirdParty/Lua",
					"$(PROJECT_DIR)/game_engine/ThirdParty/box2d-2.4.1/**",
				);
				LD_RUNPATH_SEARCH_PATHS = (
					"$(PROJECT_DIR)/Frameworks",
					"$(PROJECT_DIR)/game_engine/ThirdParty/Lua",
					"$(PROJECT_DIR)/game_engine/ThirdParty/LuaBridge",
				);
				LIBRARY_SEARCH_PATHS = (
					"$(PROJECT_DIR)/game_engine/ThirdParty",
					"$(PROJECT_DIR)/game_engine/ThirdParty/glm",
					"$(PROJECT_DIR)/game_engine/Classes",
					"$(PROJECT_DIR)/game_engine/ThirdParty/rapidjson-1.1.0",
					"$(PROJECT_DIR)/game_engine/ThirdParty/rapidjson-1.1.0/include",
					"$(PROJECT_DIR)/game_engine/ThirdParty/Lua/**",
					"$(PROJECT_DIR)/game_engine/ThirdParty/LuaBridge",
					"$(PROJECT_DIR)/game_engine/ThirdParty/SDL2_ttf/lib",
					"$(PROJECT_DIR)/game_engine/ThirdParty/SDL2_mixer/lib",
					"$(PROJECT_DIR)/game_engine/ThirdParty/SDL2_image/lib",
					"$(PROJECT_DIR)/game_engine/ThirdParty/SDL2/lib",
				);
				OTHER_LDFLAGS = "";
				PRODUCT_NAME = "$(TARGET_NAME)";
			};
			name = Release;
		};
/* End XCBuildConfiguration section */

/* Begin XCConfigurationList section */
		B8BB28E02B61D551005B9F57 /* Build configuration list for PBXProject "game_engine" */ = {
			isa = XCConfigurationList;
			buildConfigurations = (
				B8BB28EA2B61D551005B9F57 /* Debug */,
				B8BB28EB2B61D551005B9F57 /* Release */,
			);
			defaultConfigurationIsVisible = 0;
			defaultConfigurationName = Release;
		};
		B8BB28EC2B61D551005B9F57 /* Build configuration list for PBXNativeTarget "game_engine" */ = {
			isa = XCConfigurationList;
			buildConfigurations = (
				B8BB28ED2B61D551005B9F57 /* Debug */,
				B8BB28EE2B61D551005B9F57 /* Release */,
			);
			defaultConfigurationIsVisible = 0;
			defaultConfigurationName = Release;
		};
/* End XCConfigurationList section */
	};
	rootObject = B8BB28DD2B61D551005B9F57 /* Project object */;
}
